
Microsoft Visual Studio Solution File, Format Version 12.00
# Visual Studio Version 17
VisualStudioVersion = 17.13.35919.96 d17.13
MinimumVisualStudioVersion = 10.0.40219.1
Project("{FAE04EC0-301F-11D3-BF4B-00C04F79EFBC}") = "SimpleWebServer", "SimpleWebServer.csproj", "{55DB7986-0E7A-4856-B530-A911841B073B}"
EndProject
Global
	GlobalSection(SolutionConfigurationPlatforms) = preSolution
		Debug|Any CPU = Debug|Any CPU
		Release|Any CPU = Release|Any CPU
	EndGlobalSection
	GlobalSection(ProjectConfigurationPlatforms) = postSolution
		{55DB7986-0E7A-4856-B530-A911841B073B}.Debug|Any CPU.ActiveCfg = Debug|Any CPU
		{55DB7986-0E7A-4856-B530-A911841B073B}.Debug|Any CPU.Build.0 = Debug|Any CPU
		{55DB7986-0E7A-4856-B530-A911841B073B}.Release|Any CPU.ActiveCfg = Release|Any CPU
		{55DB7986-0E7A-4856-B530-A911841B073B}.Release|Any CPU.Build.0 = Release|Any CPU
	EndGlobalSection
	GlobalSection(SolutionProperties) = preSolution
		HideSolutionNode = FALSE
	EndGlobalSection
	GlobalSection(ExtensibilityGlobals) = postSolution
		SolutionGuid = {8933AF6B-DAFF-4F21-9EAF-755226533171}
	EndGlobalSection
EndGlobal
